
Microsoft Visual Studio Solution File, Format Version 12.00
# Visual Studio 14
VisualStudioVersion = 14.0.25123.0
MinimumVisualStudioVersion = 10.0.40219.1
Project("{8BB2217D-0F2D-49D1-97BC-3654ED321F3B}") = "Taurit.NameHelper.Polish", "Taurit.NameHelper.Polish\Taurit.NameHelper.Polish.xproj", "{E1E1E279-64E4-4DF6-BF38-B240A49069D2}"
EndProject
Project("{2150E333-8FDC-42A3-9474-1A3956D46DE8}") = "Solution Items", "Solution Items", "{82DC1C74-F140-44C2-AFC3-8D2A5A389693}"
	ProjectSection(SolutionItems) = preProject
		global.json = global.json
	EndProjectSection
EndProject
Project("{8BB2217D-0F2D-49D1-97BC-3654ED321F3B}") = "Taurit.NameHelper.Polish.Tests", "Taurit.NameHelper.Polish.Tests\Taurit.NameHelper.Polish.Tests.xproj", "{62D12417-9ECB-4A9E-863D-C17D520D675C}"
EndProject
Project("{FAE04EC0-301F-11D3-BF4B-00C04F79EFBC}") = "Taurit.NameHelper.Polish.Tests.Compatibility.DotNet461", "Taurit.NameHelper.Polish.Tests.Compatibility.DotNet461\Taurit.NameHelper.Polish.Tests.Compatibility.DotNet461.csproj", "{BAEFC23F-A1AA-4405-B349-0AE38786A515}"
EndProject
Project("{FAE04EC0-301F-11D3-BF4B-00C04F79EFBC}") = "Taurit.NameHelper.Polish.Tests.Compatibility.DotNet35", "Taurit.NameHelper.Polish.Tests.Compatibility.DotNet35\Taurit.NameHelper.Polish.Tests.Compatibility.DotNet35.csproj", "{8F0B3EFB-DB9E-4757-8CF6-5C0CC1DA1A59}"
EndProject
Project("{FAE04EC0-301F-11D3-BF4B-00C04F79EFBC}") = "Taurit.NameHelper.Polish.Tests.Compatibility.DotNet40", "Taurit.NameHelper.Polish.Tests.Compatibility.DotNet40\Taurit.NameHelper.Polish.Tests.Compatibility.DotNet40.csproj", "{FCCD06DB-E876-4C8E-98AA-2D5C2E25DC24}"
EndProject
Project("{FAE04EC0-301F-11D3-BF4B-00C04F79EFBC}") = "Taurit.NameHelper.Polish.Tests.Compatibility.UWP", "Taurit.NameHelper.Polish.Tests.Compatibility.UWP\Taurit.NameHelper.Polish.Tests.Compatibility.UWP.csproj", "{A205F2C0-9756-4E25-9ED7-6BB744308E20}"
EndProject
Global
	GlobalSection(SolutionConfigurationPlatforms) = preSolution
		Debug|Any CPU = Debug|Any CPU
		Debug|ARM = Debug|ARM
		Debug|x64 = Debug|x64
		Debug|x86 = Debug|x86
		Release|Any CPU = Release|Any CPU
		Release|ARM = Release|ARM
		Release|x64 = Release|x64
		Release|x86 = Release|x86
	EndGlobalSection
	GlobalSection(ProjectConfigurationPlatforms) = postSolution
		{E1E1E279-64E4-4DF6-BF38-B240A49069D2}.Debug|Any CPU.ActiveCfg = Debug|Any CPU
		{E1E1E279-64E4-4DF6-BF38-B240A49069D2}.Debug|Any CPU.Build.0 = Debug|Any CPU
		{E1E1E279-64E4-4DF6-BF38-B240A49069D2}.Debug|ARM.ActiveCfg = Debug|Any CPU
		{E1E1E279-64E4-4DF6-BF38-B240A49069D2}.Debug|ARM.Build.0 = Debug|Any CPU
		{E1E1E279-64E4-4DF6-BF38-B240A49069D2}.Debug|x64.ActiveCfg = Debug|Any CPU
		{E1E1E279-64E4-4DF6-BF38-B240A49069D2}.Debug|x64.Build.0 = Debug|Any CPU
		{E1E1E279-64E4-4DF6-BF38-B240A49069D2}.Debug|x86.ActiveCfg = Debug|Any CPU
		{E1E1E279-64E4-4DF6-BF38-B240A49069D2}.Debug|x86.Build.0 = Debug|Any CPU
		{E1E1E279-64E4-4DF6-BF38-B240A49069D2}.Release|Any CPU.ActiveCfg = Release|Any CPU
		{E1E1E279-64E4-4DF6-BF38-B240A49069D2}.Release|Any CPU.Build.0 = Release|Any CPU
		{E1E1E279-64E4-4DF6-BF38-B240A49069D2}.Release|ARM.ActiveCfg = Release|Any CPU
		{E1E1E279-64E4-4DF6-BF38-B240A49069D2}.Release|ARM.Build.0 = Release|Any CPU
		{E1E1E279-64E4-4DF6-BF38-B240A49069D2}.Release|x64.ActiveCfg = Release|Any CPU
		{E1E1E279-64E4-4DF6-BF38-B240A49069D2}.Release|x64.Build.0 = Release|Any CPU
		{E1E1E279-64E4-4DF6-BF38-B240A49069D2}.Release|x86.ActiveCfg = Release|Any CPU
		{E1E1E279-64E4-4DF6-BF38-B240A49069D2}.Release|x86.Build.0 = Release|Any CPU
		{62D12417-9ECB-4A9E-863D-C17D520D675C}.Debug|Any CPU.ActiveCfg = Debug|Any CPU
		{62D12417-9ECB-4A9E-863D-C17D520D675C}.Debug|Any CPU.Build.0 = Debug|Any CPU
		{62D12417-9ECB-4A9E-863D-C17D520D675C}.Debug|ARM.ActiveCfg = Debug|Any CPU
		{62D12417-9ECB-4A9E-863D-C17D520D675C}.Debug|ARM.Build.0 = Debug|Any CPU
		{62D12417-9ECB-4A9E-863D-C17D520D675C}.Debug|x64.ActiveCfg = Debug|Any CPU
		{62D12417-9ECB-4A9E-863D-C17D520D675C}.Debug|x64.Build.0 = Debug|Any CPU
		{62D12417-9ECB-4A9E-863D-C17D520D675C}.Debug|x86.ActiveCfg = Debug|Any CPU
		{62D12417-9ECB-4A9E-863D-C17D520D675C}.Debug|x86.Build.0 = Debug|Any CPU
		{62D12417-9ECB-4A9E-863D-C17D520D675C}.Release|Any CPU.ActiveCfg = Release|Any CPU
		{62D12417-9ECB-4A9E-863D-C17D520D675C}.Release|Any CPU.Build.0 = Release|Any CPU
		{62D12417-9ECB-4A9E-863D-C17D520D675C}.Release|ARM.ActiveCfg = Release|Any CPU
		{62D12417-9ECB-4A9E-863D-C17D520D675C}.Release|ARM.Build.0 = Release|Any CPU
		{62D12417-9ECB-4A9E-863D-C17D520D675C}.Release|x64.ActiveCfg = Release|Any CPU
		{62D12417-9ECB-4A9E-863D-C17D520D675C}.Release|x64.Build.0 = Release|Any CPU
		{62D12417-9ECB-4A9E-863D-C17D520D675C}.Release|x86.ActiveCfg = Release|Any CPU
		{62D12417-9ECB-4A9E-863D-C17D520D675C}.Release|x86.Build.0 = Release|Any CPU
		{BAEFC23F-A1AA-4405-B349-0AE38786A515}.Debug|Any CPU.ActiveCfg = Debug|Any CPU
		{BAEFC23F-A1AA-4405-B349-0AE38786A515}.Debug|Any CPU.Build.0 = Debug|Any CPU
		{BAEFC23F-A1AA-4405-B349-0AE38786A515}.Debug|ARM.ActiveCfg = Debug|Any CPU
		{BAEFC23F-A1AA-4405-B349-0AE38786A515}.Debug|ARM.Build.0 = Debug|Any CPU
		{BAEFC23F-A1AA-4405-B349-0AE38786A515}.Debug|x64.ActiveCfg = Debug|Any CPU
		{BAEFC23F-A1AA-4405-B349-0AE38786A515}.Debug|x64.Build.0 = Debug|Any CPU
		{BAEFC23F-A1AA-4405-B349-0AE38786A515}.Debug|x86.ActiveCfg = Debug|Any CPU
		{BAEFC23F-A1AA-4405-B349-0AE38786A515}.Debug|x86.Build.0 = Debug|Any CPU
		{BAEFC23F-A1AA-4405-B349-0AE38786A515}.Release|Any CPU.ActiveCfg = Release|Any CPU
		{BAEFC23F-A1AA-4405-B349-0AE38786A515}.Release|Any CPU.Build.0 = Release|Any CPU
		{BAEFC23F-A1AA-4405-B349-0AE38786A515}.Release|ARM.ActiveCfg = Release|Any CPU
		{BAEFC23F-A1AA-4405-B349-0AE38786A515}.Release|ARM.Build.0 = Release|Any CPU
		{BAEFC23F-A1AA-4405-B349-0AE38786A515}.Release|x64.ActiveCfg = Release|Any CPU
		{BAEFC23F-A1AA-4405-B349-0AE38786A515}.Release|x64.Build.0 = Release|Any CPU
		{BAEFC23F-A1AA-4405-B349-0AE38786A515}.Release|x86.ActiveCfg = Release|Any CPU
		{BAEFC23F-A1AA-4405-B349-0AE38786A515}.Release|x86.Build.0 = Release|Any CPU
		{8F0B3EFB-DB9E-4757-8CF6-5C0CC1DA1A59}.Debug|Any CPU.ActiveCfg = Debug|Any CPU
		{8F0B3EFB-DB9E-4757-8CF6-5C0CC1DA1A59}.Debug|Any CPU.Build.0 = Debug|Any CPU
		{8F0B3EFB-DB9E-4757-8CF6-5C0CC1DA1A59}.Debug|ARM.ActiveCfg = Debug|Any CPU
		{8F0B3EFB-DB9E-4757-8CF6-5C0CC1DA1A59}.Debug|ARM.Build.0 = Debug|Any CPU
		{8F0B3EFB-DB9E-4757-8CF6-5C0CC1DA1A59}.Debug|x64.ActiveCfg = Debug|Any CPU
		{8F0B3EFB-DB9E-4757-8CF6-5C0CC1DA1A59}.Debug|x64.Build.0 = Debug|Any CPU
		{8F0B3EFB-DB9E-4757-8CF6-5C0CC1DA1A59}.Debug|x86.ActiveCfg = Debug|Any CPU
		{8F0B3EFB-DB9E-4757-8CF6-5C0CC1DA1A59}.Debug|x86.Build.0 = Debug|Any CPU
		{8F0B3EFB-DB9E-4757-8CF6-5C0CC1DA1A59}.Release|Any CPU.ActiveCfg = Release|Any CPU
		{8F0B3EFB-DB9E-4757-8CF6-5C0CC1DA1A59}.Release|Any CPU.Build.0 = Release|Any CPU
		{8F0B3EFB-DB9E-4757-8CF6-5C0CC1DA1A59}.Release|ARM.ActiveCfg = Release|Any CPU
		{8F0B3EFB-DB9E-4757-8CF6-5C0CC1DA1A59}.Release|ARM.Build.0 = Release|Any CPU
		{8F0B3EFB-DB9E-4757-8CF6-5C0CC1DA1A59}.Release|x64.ActiveCfg = Release|Any CPU
		{8F0B3EFB-DB9E-4757-8CF6-5C0CC1DA1A59}.Release|x64.Build.0 = Release|Any CPU
		{8F0B3EFB-DB9E-4757-8CF6-5C0CC1DA1A59}.Release|x86.ActiveCfg = Release|Any CPU
		{8F0B3EFB-DB9E-4757-8CF6-5C0CC1DA1A59}.Release|x86.Build.0 = Release|Any CPU
		{FCCD06DB-E876-4C8E-98AA-2D5C2E25DC24}.Debug|Any CPU.ActiveCfg = Debug|Any CPU
		{FCCD06DB-E876-4C8E-98AA-2D5C2E25DC24}.Debug|Any CPU.Build.0 = Debug|Any CPU
		{FCCD06DB-E876-4C8E-98AA-2D5C2E25DC24}.Debug|ARM.ActiveCfg = Debug|Any CPU
		{FCCD06DB-E876-4C8E-98AA-2D5C2E25DC24}.Debug|ARM.Build.0 = Debug|Any CPU
		{FCCD06DB-E876-4C8E-98AA-2D5C2E25DC24}.Debug|x64.ActiveCfg = Debug|Any CPU
		{FCCD06DB-E876-4C8E-98AA-2D5C2E25DC24}.Debug|x64.Build.0 = Debug|Any CPU
		{FCCD06DB-E876-4C8E-98AA-2D5C2E25DC24}.Debug|x86.ActiveCfg = Debug|Any CPU
		{FCCD06DB-E876-4C8E-98AA-2D5C2E25DC24}.Debug|x86.Build.0 = Debug|Any CPU
		{FCCD06DB-E876-4C8E-98AA-2D5C2E25DC24}.Release|Any CPU.ActiveCfg = Release|Any CPU
		{FCCD06DB-E876-4C8E-98AA-2D5C2E25DC24}.Release|Any CPU.Build.0 = Release|Any CPU
		{FCCD06DB-E876-4C8E-98AA-2D5C2E25DC24}.Release|ARM.ActiveCfg = Release|Any CPU
		{FCCD06DB-E876-4C8E-98AA-2D5C2E25DC24}.Release|ARM.Build.0 = Release|Any CPU
		{FCCD06DB-E876-4C8E-98AA-2D5C2E25DC24}.Release|x64.ActiveCfg = Release|Any CPU
		{FCCD06DB-E876-4C8E-98AA-2D5C2E25DC24}.Release|x64.Build.0 = Release|Any CPU
		{FCCD06DB-E876-4C8E-98AA-2D5C2E25DC24}.Release|x86.ActiveCfg = Release|Any CPU
		{FCCD06DB-E876-4C8E-98AA-2D5C2E25DC24}.Release|x86.Build.0 = Release|Any CPU
		{A205F2C0-9756-4E25-9ED7-6BB744308E20}.Debug|Any CPU.ActiveCfg = Debug|x86
		{A205F2C0-9756-4E25-9ED7-6BB744308E20}.Debug|ARM.ActiveCfg = Debug|ARM
		{A205F2C0-9756-4E25-9ED7-6BB744308E20}.Debug|ARM.Build.0 = Debug|ARM
		{A205F2C0-9756-4E25-9ED7-6BB744308E20}.Debug|ARM.Deploy.0 = Debug|ARM
		{A205F2C0-9756-4E25-9ED7-6BB744308E20}.Debug|x64.ActiveCfg = Debug|x64
		{A205F2C0-9756-4E25-9ED7-6BB744308E20}.Debug|x64.Build.0 = Debug|x64
		{A205F2C0-9756-4E25-9ED7-6BB744308E20}.Debug|x64.Deploy.0 = Debug|x64
		{A205F2C0-9756-4E25-9ED7-6BB744308E20}.Debug|x86.ActiveCfg = Debug|x86
		{A205F2C0-9756-4E25-9ED7-6BB744308E20}.Debug|x86.Build.0 = Debug|x86
		{A205F2C0-9756-4E25-9ED7-6BB744308E20}.Debug|x86.Deploy.0 = Debug|x86
		{A205F2C0-9756-4E25-9ED7-6BB744308E20}.Release|Any CPU.ActiveCfg = Release|x86
		{A205F2C0-9756-4E25-9ED7-6BB744308E20}.Release|ARM.ActiveCfg = Release|ARM
		{A205F2C0-9756-4E25-9ED7-6BB744308E20}.Release|ARM.Build.0 = Release|ARM
		{A205F2C0-9756-4E25-9ED7-6BB744308E20}.Release|ARM.Deploy.0 = Release|ARM
		{A205F2C0-9756-4E25-9ED7-6BB744308E20}.Release|x64.ActiveCfg = Release|x64
		{A205F2C0-9756-4E25-9ED7-6BB744308E20}.Release|x64.Build.0 = Release|x64
		{A205F2C0-9756-4E25-9ED7-6BB744308E20}.Release|x64.Deploy.0 = Release|x64
		{A205F2C0-9756-4E25-9ED7-6BB744308E20}.Release|x86.ActiveCfg = Release|x86
		{A205F2C0-9756-4E25-9ED7-6BB744308E20}.Release|x86.Build.0 = Release|x86
		{A205F2C0-9756-4E25-9ED7-6BB744308E20}.Release|x86.Deploy.0 = Release|x86
	EndGlobalSection
	GlobalSection(SolutionProperties) = preSolution
		HideSolutionNode = FALSE
	EndGlobalSection
EndGlobal
